
Microsoft Visual Studio Solution File, Format Version 12.00
# Visual Studio Version 17
VisualStudioVersion = 17.10.35122.118
MinimumVisualStudioVersion = 10.0.40219.1
Project("{9A19103F-16F7-4668-BE54-9A1E7A4F7556}") = "Domain", "Domain\Domain.csproj", "{6CFE8360-286F-4B39-B197-1BC9714CD92E}"
EndProject
Project("{2150E333-8FDC-42A3-9474-1A3956D46DE8}") = "Itens de Solução", "Itens de Solução", "{1C8FE5BA-7AE5-4701-B54E-99C11946D286}"
	ProjectSection(SolutionItems) = preProject
		..\.gitignore = ..\.gitignore
	EndProjectSection
EndProject
Project("{FAE04EC0-301F-11D3-BF4B-00C04F79EFBC}") = "Test", "Test\Test.csproj", "{F72BCD86-8A53-4AF5-A47E-044DA85BA15B}"
EndProject
Global
	GlobalSection(SolutionConfigurationPlatforms) = preSolution
		Debug|Any CPU = Debug|Any CPU
		Release|Any CPU = Release|Any CPU
	EndGlobalSection
	GlobalSection(ProjectConfigurationPlatforms) = postSolution
		{6CFE8360-286F-4B39-B197-1BC9714CD92E}.Debug|Any CPU.ActiveCfg = Debug|Any CPU
		{6CFE8360-286F-4B39-B197-1BC9714CD92E}.Debug|Any CPU.Build.0 = Debug|Any CPU
		{6CFE8360-286F-4B39-B197-1BC9714CD92E}.Release|Any CPU.ActiveCfg = Release|Any CPU
		{6CFE8360-286F-4B39-B197-1BC9714CD92E}.Release|Any CPU.Build.0 = Release|Any CPU
		{F72BCD86-8A53-4AF5-A47E-044DA85BA15B}.Debug|Any CPU.ActiveCfg = Debug|Any CPU
		{F72BCD86-8A53-4AF5-A47E-044DA85BA15B}.Debug|Any CPU.Build.0 = Debug|Any CPU
		{F72BCD86-8A53-4AF5-A47E-044DA85BA15B}.Release|Any CPU.ActiveCfg = Release|Any CPU
		{F72BCD86-8A53-4AF5-A47E-044DA85BA15B}.Release|Any CPU.Build.0 = Release|Any CPU
	EndGlobalSection
	GlobalSection(SolutionProperties) = preSolution
		HideSolutionNode = FALSE
	EndGlobalSection
	GlobalSection(ExtensibilityGlobals) = postSolution
		SolutionGuid = {148D2935-C869-405F-9EFF-9DE39CB662B6}
	EndGlobalSection
EndGlobal
