
Microsoft Visual Studio Solution File, Format Version 12.00
# Visual Studio Version 17
VisualStudioVersion = 17.10.35122.118
MinimumVisualStudioVersion = 10.0.40219.1
Project("{9A19103F-16F7-4668-BE54-9A1E7A4F7556}") = "Domain", "Domain\Domain.csproj", "{6CFE8360-286F-4B39-B197-1BC9714CD92E}"
EndProject
Project("{2150E333-8FDC-42A3-9474-1A3956D46DE8}") = "Itens de Solução", "Itens de Solução", "{1C8FE5BA-7AE5-4701-B54E-99C11946D286}"
	ProjectSection(SolutionItems) = preProject
		..\.gitignore = ..\.gitignore
		..\README.md = ..\README.md
	EndProjectSection
EndProject
Project("{9A19103F-16F7-4668-BE54-9A1E7A4F7556}") = "Test", "Test\Test.csproj", "{F72BCD86-8A53-4AF5-A47E-044DA85BA15B}"
EndProject
Project("{9A19103F-16F7-4668-BE54-9A1E7A4F7556}") = "Application", "Application\Application.csproj", "{4F478131-1ED5-4990-8E89-4CFD31CDA3A1}"
EndProject
Project("{2150E333-8FDC-42A3-9474-1A3956D46DE8}") = "PrimaryAdapters", "PrimaryAdapters", "{F2255195-6822-4087-8D21-6058E9431317}"
EndProject
Project("{2150E333-8FDC-42A3-9474-1A3956D46DE8}") = "SecondaryAdapters", "SecondaryAdapters", "{157E1103-1A3E-48C8-8171-93D8AD535D00}"
EndProject
Project("{9A19103F-16F7-4668-BE54-9A1E7A4F7556}") = "Api", "Api\Api.csproj", "{02486E44-3D3D-4865-9734-86157DC53EF1}"
EndProject
Project("{9A19103F-16F7-4668-BE54-9A1E7A4F7556}") = "Data.EntityFramework", "Data.EntityFramework\Data.EntityFramework.csproj", "{11F099BE-A652-4EB5-ADE2-CBDBE3A64801}"
EndProject
Project("{9A19103F-16F7-4668-BE54-9A1E7A4F7556}") = "Bot.Http", "Bot.Http\Bot.Http.csproj", "{86B2DC23-70F1-42AB-93C0-B2093C6BDB11}"
EndProject
Project("{9A19103F-16F7-4668-BE54-9A1E7A4F7556}") = "Security.PasswordHashing", "Security.PasswordHashing\Security.PasswordHashing.csproj", "{8B6C1561-BD75-40A2-8248-57F470FDBDB0}"
EndProject
Global
	GlobalSection(SolutionConfigurationPlatforms) = preSolution
		Debug|Any CPU = Debug|Any CPU
		Release|Any CPU = Release|Any CPU
	EndGlobalSection
	GlobalSection(ProjectConfigurationPlatforms) = postSolution
		{6CFE8360-286F-4B39-B197-1BC9714CD92E}.Debug|Any CPU.ActiveCfg = Debug|Any CPU
		{6CFE8360-286F-4B39-B197-1BC9714CD92E}.Debug|Any CPU.Build.0 = Debug|Any CPU
		{6CFE8360-286F-4B39-B197-1BC9714CD92E}.Release|Any CPU.ActiveCfg = Release|Any CPU
		{6CFE8360-286F-4B39-B197-1BC9714CD92E}.Release|Any CPU.Build.0 = Release|Any CPU
		{F72BCD86-8A53-4AF5-A47E-044DA85BA15B}.Debug|Any CPU.ActiveCfg = Debug|Any CPU
		{F72BCD86-8A53-4AF5-A47E-044DA85BA15B}.Debug|Any CPU.Build.0 = Debug|Any CPU
		{F72BCD86-8A53-4AF5-A47E-044DA85BA15B}.Release|Any CPU.ActiveCfg = Release|Any CPU
		{F72BCD86-8A53-4AF5-A47E-044DA85BA15B}.Release|Any CPU.Build.0 = Release|Any CPU
		{4F478131-1ED5-4990-8E89-4CFD31CDA3A1}.Debug|Any CPU.ActiveCfg = Debug|Any CPU
		{4F478131-1ED5-4990-8E89-4CFD31CDA3A1}.Debug|Any CPU.Build.0 = Debug|Any CPU
		{4F478131-1ED5-4990-8E89-4CFD31CDA3A1}.Release|Any CPU.ActiveCfg = Release|Any CPU
		{4F478131-1ED5-4990-8E89-4CFD31CDA3A1}.Release|Any CPU.Build.0 = Release|Any CPU
		{02486E44-3D3D-4865-9734-86157DC53EF1}.Debug|Any CPU.ActiveCfg = Debug|Any CPU
		{02486E44-3D3D-4865-9734-86157DC53EF1}.Debug|Any CPU.Build.0 = Debug|Any CPU
		{02486E44-3D3D-4865-9734-86157DC53EF1}.Release|Any CPU.ActiveCfg = Release|Any CPU
		{02486E44-3D3D-4865-9734-86157DC53EF1}.Release|Any CPU.Build.0 = Release|Any CPU
		{11F099BE-A652-4EB5-ADE2-CBDBE3A64801}.Debug|Any CPU.ActiveCfg = Debug|Any CPU
		{11F099BE-A652-4EB5-ADE2-CBDBE3A64801}.Debug|Any CPU.Build.0 = Debug|Any CPU
		{11F099BE-A652-4EB5-ADE2-CBDBE3A64801}.Release|Any CPU.ActiveCfg = Release|Any CPU
		{11F099BE-A652-4EB5-ADE2-CBDBE3A64801}.Release|Any CPU.Build.0 = Release|Any CPU
		{86B2DC23-70F1-42AB-93C0-B2093C6BDB11}.Debug|Any CPU.ActiveCfg = Debug|Any CPU
		{86B2DC23-70F1-42AB-93C0-B2093C6BDB11}.Debug|Any CPU.Build.0 = Debug|Any CPU
		{86B2DC23-70F1-42AB-93C0-B2093C6BDB11}.Release|Any CPU.ActiveCfg = Release|Any CPU
		{86B2DC23-70F1-42AB-93C0-B2093C6BDB11}.Release|Any CPU.Build.0 = Release|Any CPU
		{8B6C1561-BD75-40A2-8248-57F470FDBDB0}.Debug|Any CPU.ActiveCfg = Debug|Any CPU
		{8B6C1561-BD75-40A2-8248-57F470FDBDB0}.Debug|Any CPU.Build.0 = Debug|Any CPU
		{8B6C1561-BD75-40A2-8248-57F470FDBDB0}.Release|Any CPU.ActiveCfg = Release|Any CPU
		{8B6C1561-BD75-40A2-8248-57F470FDBDB0}.Release|Any CPU.Build.0 = Release|Any CPU
	EndGlobalSection
	GlobalSection(SolutionProperties) = preSolution
		HideSolutionNode = FALSE
	EndGlobalSection
	GlobalSection(NestedProjects) = preSolution
		{02486E44-3D3D-4865-9734-86157DC53EF1} = {F2255195-6822-4087-8D21-6058E9431317}
		{11F099BE-A652-4EB5-ADE2-CBDBE3A64801} = {157E1103-1A3E-48C8-8171-93D8AD535D00}
		{86B2DC23-70F1-42AB-93C0-B2093C6BDB11} = {157E1103-1A3E-48C8-8171-93D8AD535D00}
		{8B6C1561-BD75-40A2-8248-57F470FDBDB0} = {157E1103-1A3E-48C8-8171-93D8AD535D00}
	EndGlobalSection
	GlobalSection(ExtensibilityGlobals) = postSolution
		SolutionGuid = {148D2935-C869-405F-9EFF-9DE39CB662B6}
	EndGlobalSection
EndGlobal
